{
  "name": "intel-gpu-monitor",
  "version": "1.0.0",
  "lockfileVersion": 3,
  "requires": true,
  "packages": {
    "": {
      "name": "intel-gpu-monitor",
      "version": "1.0.0",
      "license": "MIT",
      "dependencies": {
        "@questdb/nodejs-client": "^3.0.0",
        "command-exists": "^1.2.9",
        "commander": "^13.0.0"
      },
      "bin": {
        "intel-gpu-monitor": "index.js"
      },
      "engines": {
        "node": ">=20.10.0"
      }
    },
    "node_modules/@questdb/nodejs-client": {
      "version": "3.0.0",
      "resolved": "https://registry.npmjs.org/@questdb/nodejs-client/-/nodejs-client-3.0.0.tgz",
      "integrity": "sha512-lBKd732rRpS/pqyWgCJFVXi9N1YoWDAUZzp6BngBVxH92As/NDXigZmCYKQVKpAEGYx14606CH5AoJ23qf3oqA==",
      "license": "Apache-2.0"
    },
    "node_modules/command-exists": {
      "version": "1.2.9",
      "resolved": "https://registry.npmjs.org/command-exists/-/command-exists-1.2.9.tgz",
      "integrity": "sha512-LTQ/SGc+s0Xc0Fu5WaKnR0YiygZkm9eKFvyS+fRsU7/ZWFF8ykFM6Pc9aCVf1+xasOOZpO3BAVgVrKvsqKHV7w==",
      "license": "MIT"
    },
    "node_modules/commander": {
      "version": "13.0.0",
      "resolved": "https://registry.npmjs.org/commander/-/commander-13.0.0.tgz",
      "integrity": "sha512-oPYleIY8wmTVzkvQq10AEok6YcTC4sRUBl8F9gVuwchGVUCTbl/vhLTaQqutuuySYOsu8YTgV+OxKc/8Yvx+mQ==",
      "engines": {
        "node": ">=18"
      }
    }
  }
}
